
Microsoft Visual Studio Solution File, Format Version 12.00
# Visual Studio Version 17
VisualStudioVersion = 17.4.33103.184
MinimumVisualStudioVersion = 10.0.40219.1
Project("{FAE04EC0-301F-11D3-BF4B-00C04F79EFBC}") = "capitulo 4 ejercicio 1", "capitulo 4 ejercicio 1\capitulo 4 ejercicio 1.csproj", "{550ADB9B-6742-4199-BA75-15EE9BDDC20B}"
EndProject
Global
	GlobalSection(SolutionConfigurationPlatforms) = preSolution
		Debug|Any CPU = Debug|Any CPU
		Release|Any CPU = Release|Any CPU
	EndGlobalSection
	GlobalSection(ProjectConfigurationPlatforms) = postSolution
		{550ADB9B-6742-4199-BA75-15EE9BDDC20B}.Debug|Any CPU.ActiveCfg = Debug|Any CPU
		{550ADB9B-6742-4199-BA75-15EE9BDDC20B}.Debug|Any CPU.Build.0 = Debug|Any CPU
		{550ADB9B-6742-4199-BA75-15EE9BDDC20B}.Release|Any CPU.ActiveCfg = Release|Any CPU
		{550ADB9B-6742-4199-BA75-15EE9BDDC20B}.Release|Any CPU.Build.0 = Release|Any CPU
	EndGlobalSection
	GlobalSection(SolutionProperties) = preSolution
		HideSolutionNode = FALSE
	EndGlobalSection
	GlobalSection(ExtensibilityGlobals) = postSolution
		SolutionGuid = {0106947C-3870-477F-8044-3EF08D38D068}
	EndGlobalSection
EndGlobal
